<Solution>
  <Folder Name="/src/">
    <Project Path="src/DotNetOpenApiExtract.Cli/DotNetOpenApiExtract.Cli.csproj" />
    <Project Path="src/DotNetOpenApiExtract.Core/DotNetOpenApiExtract.Core.csproj" />
  </Folder>
  <Folder Name="/tests/">
    <Project Path="tests/DotNetOpenApiExtract.Core.Tests/DotNetOpenApiExtract.Core.Tests.csproj" />
  </Folder>
  <Folder Name="/tests/TestAssemblies/">
    <Project Path="tests/TestAssemblies/SampleApi/SampleApi.csproj" />
  </Folder>
</Solution>
